
Microsoft Visual Studio Solution File, Format Version 12.00
# Visual Studio Version 17
VisualStudioVersion = 17.7.34024.191
MinimumVisualStudioVersion = 10.0.40219.1
Project("{FAE04EC0-301F-11D3-BF4B-00C04F79EFBC}") = "Sudoku 1", "Sudoku 1.csproj", "{4D80CFC5-B0B5-4451-BB55-2A3DD05DC114}"
EndProject
Global
	GlobalSection(SolutionConfigurationPlatforms) = preSolution
		Debug|Any CPU = Debug|Any CPU
		Release|Any CPU = Release|Any CPU
	EndGlobalSection
	GlobalSection(ProjectConfigurationPlatforms) = postSolution
		{4D80CFC5-B0B5-4451-BB55-2A3DD05DC114}.Debug|Any CPU.ActiveCfg = Debug|Any CPU
		{4D80CFC5-B0B5-4451-BB55-2A3DD05DC114}.Debug|Any CPU.Build.0 = Debug|Any CPU
		{4D80CFC5-B0B5-4451-BB55-2A3DD05DC114}.Release|Any CPU.ActiveCfg = Release|Any CPU
		{4D80CFC5-B0B5-4451-BB55-2A3DD05DC114}.Release|Any CPU.Build.0 = Release|Any CPU
	EndGlobalSection
	GlobalSection(SolutionProperties) = preSolution
		HideSolutionNode = FALSE
	EndGlobalSection
	GlobalSection(ExtensibilityGlobals) = postSolution
		SolutionGuid = {38AD4A95-9A7B-4B10-AE62-EAC20302FCF2}
	EndGlobalSection
EndGlobal
